{
  "version": 4,
  "terraform_version": "1.11.4",
  "serial": 6,
  "lineage": "80ac0e37-2fd8-db48-c494-a3dd7e5198a1",
  "outputs": {},
  "resources": [
    {
      "module": "module.key_vault",
      "mode": "data",
      "type": "azurerm_client_config",
      "name": "current",
      "provider": "provider[\"registry.terraform.io/hashicorp/azurerm\"]",
      "instances": [
        {
          "schema_version": 0,
          "attributes": {
            "client_id": "04b07795-8ddb-461a-bbee-02f9e1bf7b46",
            "id": "Y2xpZW50Q29uZmlncy9jbGllbnRJZD0wNGIwNzc5NS04ZGRiLTQ2MWEtYmJlZS0wMmY5ZTFiZjdiNDY7b2JqZWN0SWQ9YmJhNTA5ZDUtZGM1ZC00YjA1LWE3YWYtNDdjMWU3ZGY5YWFkO3N1YnNjcmlwdGlvbklkPTAyZmM2Njc0LTllNGQtNDc2NC04NzAyLTBjNDU1MGUwNmRmNzt0ZW5hbnRJZD0yODZlYzUyMS02NGQ3LTQ5YzQtYWZjZS0zNmQwZDI5Y2M0Njc=",
            "object_id": "bba509d5-dc5d-4b05-a7af-47c1e7df9aad",
            "subscription_id": "02fc6674-9e4d-4764-8702-0c4550e06df7",
            "tenant_id": "286ec521-64d7-49c4-afce-36d0d29cc467",
            "timeouts": null
          },
          "sensitive_attributes": []
        }
      ]
    },
    {
      "module": "module.network",
      "mode": "managed",
      "type": "azurerm_virtual_network",
      "name": "virtual_networks",
      "provider": "provider[\"registry.terraform.io/hashicorp/azurerm\"]",
      "instances": [
        {
          "index_key": "vnet1",
          "schema_version": 0,
          "attributes": {
            "address_space": [
              "10.0.0.0/16"
            ],
            "bgp_community": "",
            "ddos_protection_plan": [],
            "dns_servers": [],
            "edge_zone": "",
            "encryption": [],
            "flow_timeout_in_minutes": 0,
            "guid": "784f149c-1dbc-4bc8-89f4-2fc149cfc7d5",
            "id": "/subscriptions/02fc6674-9e4d-4764-8702-0c4550e06df7/resourceGroups/rg-pilu-dev-todoapp-01/providers/Microsoft.Network/virtualNetworks/vnet-pilu-dev-todoapp-01",
            "ip_address_pool": [],
            "location": "centralindia",
            "name": "vnet-pilu-dev-todoapp-01",
            "private_endpoint_vnet_policies": "Disabled",
            "resource_group_name": "rg-pilu-dev-todoapp-01",
            "subnet": [
              {
                "address_prefixes": [
                  "10.0.1.0/24"
                ],
                "default_outbound_access_enabled": true,
                "delegation": [],
                "id": "/subscriptions/02fc6674-9e4d-4764-8702-0c4550e06df7/resourceGroups/rg-pilu-dev-todoapp-01/providers/Microsoft.Network/virtualNetworks/vnet-pilu-dev-todoapp-01/subnets/frontend-subnet",
                "name": "frontend-subnet",
                "private_endpoint_network_policies": "Disabled",
                "private_link_service_network_policies_enabled": true,
                "route_table_id": "",
                "security_group": "",
                "service_endpoint_policy_ids": [],
                "service_endpoints": []
              },
              {
                "address_prefixes": [
                  "10.0.2.0/24"
                ],
                "default_outbound_access_enabled": true,
                "delegation": [],
                "id": "/subscriptions/02fc6674-9e4d-4764-8702-0c4550e06df7/resourceGroups/rg-pilu-dev-todoapp-01/providers/Microsoft.Network/virtualNetworks/vnet-pilu-dev-todoapp-01/subnets/backend-subnet",
                "name": "backend-subnet",
                "private_endpoint_network_policies": "Disabled",
                "private_link_service_network_policies_enabled": true,
                "route_table_id": "",
                "security_group": "",
                "service_endpoint_policy_ids": [],
                "service_endpoints": []
              }
            ],
            "tags": {
              "environment": "dev"
            },
            "timeouts": null
          },
          "sensitive_attributes": [],
          "private": "eyJlMmJmYjczMC1lY2FhLTExZTYtOGY4OC0zNDM2M2JjN2M0YzAiOnsiY3JlYXRlIjoxODAwMDAwMDAwMDAwLCJkZWxldGUiOjE4MDAwMDAwMDAwMDAsInJlYWQiOjMwMDAwMDAwMDAwMCwidXBkYXRlIjoxODAwMDAwMDAwMDAwfX0="
        }
      ]
    },
    {
      "module": "module.resource_group",
      "mode": "managed",
      "type": "azurerm_resource_group",
      "name": "rgs",
      "provider": "provider[\"registry.terraform.io/hashicorp/azurerm\"]",
      "instances": [
        {
          "index_key": "rg1",
          "schema_version": 0,
          "attributes": {
            "id": "/subscriptions/02fc6674-9e4d-4764-8702-0c4550e06df7/resourceGroups/rg-pilu-dev-todoapp-01",
            "location": "centralindia",
            "managed_by": "Terraform",
            "name": "rg-pilu-dev-todoapp-01",
            "tags": {
              "env": "dev"
            },
            "timeouts": null
          },
          "sensitive_attributes": [],
          "private": "eyJlMmJmYjczMC1lY2FhLTExZTYtOGY4OC0zNDM2M2JjN2M0YzAiOnsiY3JlYXRlIjo1NDAwMDAwMDAwMDAwLCJkZWxldGUiOjU0MDAwMDAwMDAwMDAsInJlYWQiOjMwMDAwMDAwMDAwMCwidXBkYXRlIjo1NDAwMDAwMDAwMDAwfX0="
        }
      ]
    }
  ],
  "check_results": null
}
